Microsoft Visual Studio Solution File, Format Version 12.00
# Visual Studio Version 16
VisualStudioVersion = 16.0.31729.503
MinimumVisualStudioVersion = 10.0.40219.1
Project("{2150E333-8FDC-42A3-9474-1A3956D46DE8}") = "SpecSharp", "SpecSharp", "{D9479818-8943-4FCA-B825-8B6C473B33C5}"
EndProject
Project("{2150E333-8FDC-42A3-9474-1A3956D46DE8}") = "CCI", "CCI", "{D39D4BAC-7BCA-4A31-A649-8ED964A5CCE0}"
EndProject
Project("{FAE04EC0-301F-11D3-BF4B-00C04F79EFBC}") = "System.Compiler.Framework", "System.Compiler.Framework\System.Compiler.Framework.csproj", "{5D3B8B5B-703E-4843-ABF3-A864F5B6ADA3}"
EndProject
Project("{FAE04EC0-301F-11D3-BF4B-00C04F79EFBC}") = "System.Compiler.Runtime", "System.Compiler.Runtime\System.Compiler.Runtime.csproj", "{5BEE6906-9652-47B4-B617-368E9598B449}"
EndProject
Project("{FAE04EC0-301F-11D3-BF4B-00C04F79EFBC}") = "System.Compiler", "System.Compiler\System.Compiler.csproj", "{D7E16B38-3893-4EEF-847F-A3BE807E9546}"
EndProject
Project("{FAE04EC0-301F-11D3-BF4B-00C04F79EFBC}") = "ssc", "Microsoft.SpecSharp\CommandLineCompiler\ssc.csproj", "{01298982-80B4-44B2-AD1D-05BC9FE4F990}"
EndProject
Project("{FAE04EC0-301F-11D3-BF4B-00C04F79EFBC}") = "Microsoft.SpecSharp", "Microsoft.SpecSharp\Microsoft.SpecSharp.csproj", "{0B747571-5739-4A09-B368-2FF47C01A698}"
EndProject
Project("{FAE04EC0-301F-11D3-BF4B-00C04F79EFBC}") = "IncrementalCompilationTests", "Microsoft.SpecSharp\IncrementalCompilationTests\IncrementalCompilationTests.csproj", "{4FCB471B-EF8B-4C6A-8BD4-D01E9942EEA0}"
EndProject
Global
	GlobalSection(SolutionConfigurationPlatforms) = preSolution
		Contracts|.NET = Contracts|.NET
		Contracts|Any CPU = Contracts|Any CPU
		Contracts|Mixed platforms = Contracts|Mixed platforms
		Contracts|Win32 = Contracts|Win32
		Debug|.NET = Debug|.NET
		Debug|Any CPU = Debug|Any CPU
		Debug|Mixed platforms = Debug|Mixed platforms
		Debug|Win32 = Debug|Win32
		DebugCommandLine|.NET = DebugCommandLine|.NET
		DebugCommandLine|Any CPU = DebugCommandLine|Any CPU
		DebugCommandLine|Mixed platforms = DebugCommandLine|Mixed platforms
		DebugCommandLine|Win32 = DebugCommandLine|Win32
		DebugExp|.NET = DebugExp|.NET
		DebugExp|Any CPU = DebugExp|Any CPU
		DebugExp|Mixed platforms = DebugExp|Mixed platforms
		DebugExp|Win32 = DebugExp|Win32
		DebugNoData|.NET = DebugNoData|.NET
		DebugNoData|Any CPU = DebugNoData|Any CPU
		DebugNoData|Mixed platforms = DebugNoData|Mixed platforms
		DebugNoData|Win32 = DebugNoData|Win32
		NoExtendedRuntime|.NET = NoExtendedRuntime|.NET
		NoExtendedRuntime|Any CPU = NoExtendedRuntime|Any CPU
		NoExtendedRuntime|Mixed platforms = NoExtendedRuntime|Mixed platforms
		NoExtendedRuntime|Win32 = NoExtendedRuntime|Win32
		Release|.NET = Release|.NET
		Release|Any CPU = Release|Any CPU
		Release|Mixed platforms = Release|Mixed platforms
		Release|Win32 = Release|Win32
		ReleaseCommandLine|.NET = ReleaseCommandLine|.NET
		ReleaseCommandLine|Any CPU = ReleaseCommandLine|Any CPU
		ReleaseCommandLine|Mixed platforms = ReleaseCommandLine|Mixed platforms
		ReleaseCommandLine|Win32 = ReleaseCommandLine|Win32
	EndGlobalSection
	GlobalSection(ProjectConfigurationPlatforms) = postSolution
		{5D3B8B5B-703E-4843-ABF3-A864F5B6ADA3}.Contracts|.NET.ActiveCfg = DebugCommandLine|Any CPU
		{5D3B8B5B-703E-4843-ABF3-A864F5B6ADA3}.Contracts|Any CPU.ActiveCfg = DebugCommandLine|Any CPU
		{5D3B8B5B-703E-4843-ABF3-A864F5B6ADA3}.Contracts|Any CPU.Build.0 = DebugCommandLine|Any CPU
		{5D3B8B5B-703E-4843-ABF3-A864F5B6ADA3}.Contracts|Mixed platforms.ActiveCfg = DebugCommandLine|Any CPU
		{5D3B8B5B-703E-4843-ABF3-A864F5B6ADA3}.Contracts|Mixed platforms.Build.0 = DebugCommandLine|Any CPU
		{5D3B8B5B-703E-4843-ABF3-A864F5B6ADA3}.Contracts|Win32.ActiveCfg = DebugCommandLine|Any CPU
		{5D3B8B5B-703E-4843-ABF3-A864F5B6ADA3}.Debug|.NET.ActiveCfg = Debug|Any CPU
		{5D3B8B5B-703E-4843-ABF3-A864F5B6ADA3}.Debug|Any CPU.ActiveCfg = Debug|Any CPU
		{5D3B8B5B-703E-4843-ABF3-A864F5B6ADA3}.Debug|Any CPU.Build.0 = Debug|Any CPU
		{5D3B8B5B-703E-4843-ABF3-A864F5B6ADA3}.Debug|Mixed platforms.ActiveCfg = Debug|Any CPU
		{5D3B8B5B-703E-4843-ABF3-A864F5B6ADA3}.Debug|Mixed platforms.Build.0 = Debug|Any CPU
		{5D3B8B5B-703E-4843-ABF3-A864F5B6ADA3}.Debug|Win32.ActiveCfg = Debug|Any CPU
		{5D3B8B5B-703E-4843-ABF3-A864F5B6ADA3}.Debug|Win32.Build.0 = Debug|Any CPU
		{5D3B8B5B-703E-4843-ABF3-A864F5B6ADA3}.DebugCommandLine|.NET.ActiveCfg = DebugCommandLine|Any CPU
		{5D3B8B5B-703E-4843-ABF3-A864F5B6ADA3}.DebugCommandLine|Any CPU.ActiveCfg = DebugCommandLine|Any CPU
		{5D3B8B5B-703E-4843-ABF3-A864F5B6ADA3}.DebugCommandLine|Any CPU.Build.0 = DebugCommandLine|Any CPU
		{5D3B8B5B-703E-4843-ABF3-A864F5B6ADA3}.DebugCommandLine|Mixed platforms.ActiveCfg = DebugCommandLine|Any CPU
		{5D3B8B5B-703E-4843-ABF3-A864F5B6ADA3}.DebugCommandLine|Mixed platforms.Build.0 = DebugCommandLine|Any CPU
		{5D3B8B5B-703E-4843-ABF3-A864F5B6ADA3}.DebugCommandLine|Win32.ActiveCfg = DebugCommandLine|Any CPU
		{5D3B8B5B-703E-4843-ABF3-A864F5B6ADA3}.DebugCommandLine|Win32.Build.0 = DebugCommandLine|Any CPU
		{5D3B8B5B-703E-4843-ABF3-A864F5B6ADA3}.DebugExp|.NET.ActiveCfg = DebugCommandLine|Any CPU
		{5D3B8B5B-703E-4843-ABF3-A864F5B6ADA3}.DebugExp|Any CPU.ActiveCfg = DebugCommandLine|Any CPU
		{5D3B8B5B-703E-4843-ABF3-A864F5B6ADA3}.DebugExp|Mixed platforms.ActiveCfg = Debug|Any CPU
		{5D3B8B5B-703E-4843-ABF3-A864F5B6ADA3}.DebugExp|Mixed platforms.Build.0 = Debug|Any CPU
		{5D3B8B5B-703E-4843-ABF3-A864F5B6ADA3}.DebugExp|Win32.ActiveCfg = Debug|Any CPU
		{5D3B8B5B-703E-4843-ABF3-A864F5B6ADA3}.DebugExp|Win32.Build.0 = Debug|Any CPU
		{5D3B8B5B-703E-4843-ABF3-A864F5B6ADA3}.DebugNoData|.NET.ActiveCfg = DebugCommandLine|Any CPU
		{5D3B8B5B-703E-4843-ABF3-A864F5B6ADA3}.DebugNoData|Any CPU.ActiveCfg = Debug|Any CPU
		{5D3B8B5B-703E-4843-ABF3-A864F5B6ADA3}.DebugNoData|Any CPU.Build.0 = Debug|Any CPU
		{5D3B8B5B-703E-4843-ABF3-A864F5B6ADA3}.DebugNoData|Mixed platforms.ActiveCfg = DebugNoData|Any CPU
		{5D3B8B5B-703E-4843-ABF3-A864F5B6ADA3}.DebugNoData|Mixed platforms.Build.0 = DebugNoData|Any CPU
		{5D3B8B5B-703E-4843-ABF3-A864F5B6ADA3}.DebugNoData|Win32.ActiveCfg = Debug|Any CPU
		{5D3B8B5B-703E-4843-ABF3-A864F5B6ADA3}.DebugNoData|Win32.Build.0 = Debug|Any CPU
		{5D3B8B5B-703E-4843-ABF3-A864F5B6ADA3}.NoExtendedRuntime|.NET.ActiveCfg = DebugCommandLine|Any CPU
		{5D3B8B5B-703E-4843-ABF3-A864F5B6ADA3}.NoExtendedRuntime|Any CPU.ActiveCfg = DebugCommandLine|Any CPU
		{5D3B8B5B-703E-4843-ABF3-A864F5B6ADA3}.NoExtendedRuntime|Any CPU.Build.0 = DebugCommandLine|Any CPU
		{5D3B8B5B-703E-4843-ABF3-A864F5B6ADA3}.NoExtendedRuntime|Mixed platforms.ActiveCfg = DebugCommandLine|Any CPU
		{5D3B8B5B-703E-4843-ABF3-A864F5B6ADA3}.NoExtendedRuntime|Mixed platforms.Build.0 = DebugCommandLine|Any CPU
		{5D3B8B5B-703E-4843-ABF3-A864F5B6ADA3}.NoExtendedRuntime|Win32.ActiveCfg = DebugCommandLine|Any CPU
		{5D3B8B5B-703E-4843-ABF3-A864F5B6ADA3}.Release|.NET.ActiveCfg = Release|Any CPU
		{5D3B8B5B-703E-4843-ABF3-A864F5B6ADA3}.Release|Any CPU.ActiveCfg = Release|Any CPU
		{5D3B8B5B-703E-4843-ABF3-A864F5B6ADA3}.Release|Mixed platforms.ActiveCfg = Release|Any CPU
		{5D3B8B5B-703E-4843-ABF3-A864F5B6ADA3}.Release|Mixed platforms.Build.0 = Release|Any CPU
		{5D3B8B5B-703E-4843-ABF3-A864F5B6ADA3}.Release|Win32.ActiveCfg = Release|Any CPU
		{5D3B8B5B-703E-4843-ABF3-A864F5B6ADA3}.Release|Win32.Build.0 = Release|Any CPU
		{5D3B8B5B-703E-4843-ABF3-A864F5B6ADA3}.ReleaseCommandLine|.NET.ActiveCfg = Release|Any CPU
		{5D3B8B5B-703E-4843-ABF3-A864F5B6ADA3}.ReleaseCommandLine|Any CPU.ActiveCfg = Release|Any CPU
		{5D3B8B5B-703E-4843-ABF3-A864F5B6ADA3}.ReleaseCommandLine|Mixed platforms.ActiveCfg = Release|Any CPU
		{5D3B8B5B-703E-4843-ABF3-A864F5B6ADA3}.ReleaseCommandLine|Mixed platforms.Build.0 = Release|Any CPU
		{5D3B8B5B-703E-4843-ABF3-A864F5B6ADA3}.ReleaseCommandLine|Win32.ActiveCfg = Release|Any CPU
		{5D3B8B5B-703E-4843-ABF3-A864F5B6ADA3}.ReleaseCommandLine|Win32.Build.0 = Release|Any CPU
		{5BEE6906-9652-47B4-B617-368E9598B449}.Contracts|.NET.ActiveCfg = DebugCommandLine|Any CPU
		{5BEE6906-9652-47B4-B617-368E9598B449}.Contracts|Any CPU.ActiveCfg = DebugCommandLine|Any CPU
		{5BEE6906-9652-47B4-B617-368E9598B449}.Contracts|Any CPU.Build.0 = DebugCommandLine|Any CPU
		{5BEE6906-9652-47B4-B617-368E9598B449}.Contracts|Mixed platforms.ActiveCfg = DebugCommandLine|Any CPU
		{5BEE6906-9652-47B4-B617-368E9598B449}.Contracts|Mixed platforms.Build.0 = DebugCommandLine|Any CPU
		{5BEE6906-9652-47B4-B617-368E9598B449}.Contracts|Win32.ActiveCfg = DebugCommandLine|Any CPU
		{5BEE6906-9652-47B4-B617-368E9598B449}.Debug|.NET.ActiveCfg = Debug|Any CPU
		{5BEE6906-9652-47B4-B617-368E9598B449}.Debug|Any CPU.ActiveCfg = Debug|Any CPU
		{5BEE6906-9652-47B4-B617-368E9598B449}.Debug|Any CPU.Build.0 = Debug|Any CPU
		{5BEE6906-9652-47B4-B617-368E9598B449}.Debug|Mixed platforms.ActiveCfg = Debug|Any CPU
		{5BEE6906-9652-47B4-B617-368E9598B449}.Debug|Mixed platforms.Build.0 = Debug|Any CPU
		{5BEE6906-9652-47B4-B617-368E9598B449}.Debug|Win32.ActiveCfg = Debug|Any CPU
		{5BEE6906-9652-47B4-B617-368E9598B449}.Debug|Win32.Build.0 = Debug|Any CPU
		{5BEE6906-9652-47B4-B617-368E9598B449}.DebugCommandLine|.NET.ActiveCfg = DebugCommandLine|Any CPU
		{5BEE6906-9652-47B4-B617-368E9598B449}.DebugCommandLine|Any CPU.ActiveCfg = DebugCommandLine|Any CPU
		{5BEE6906-9652-47B4-B617-368E9598B449}.DebugCommandLine|Any CPU.Build.0 = DebugCommandLine|Any CPU
		{5BEE6906-9652-47B4-B617-368E9598B449}.DebugCommandLine|Mixed platforms.ActiveCfg = DebugCommandLine|Any CPU
		{5BEE6906-9652-47B4-B617-368E9598B449}.DebugCommandLine|Mixed platforms.Build.0 = DebugCommandLine|Any CPU
		{5BEE6906-9652-47B4-B617-368E9598B449}.DebugCommandLine|Win32.ActiveCfg = DebugCommandLine|Any CPU
		{5BEE6906-9652-47B4-B617-368E9598B449}.DebugCommandLine|Win32.Build.0 = DebugCommandLine|Any CPU
		{5BEE6906-9652-47B4-B617-368E9598B449}.DebugExp|.NET.ActiveCfg = DebugCommandLine|Any CPU
		{5BEE6906-9652-47B4-B617-368E9598B449}.DebugExp|Any CPU.ActiveCfg = DebugCommandLine|Any CPU
		{5BEE6906-9652-47B4-B617-368E9598B449}.DebugExp|Mixed platforms.ActiveCfg = Debug|Any CPU
		{5BEE6906-9652-47B4-B617-368E9598B449}.DebugExp|Mixed platforms.Build.0 = Debug|Any CPU
		{5BEE6906-9652-47B4-B617-368E9598B449}.DebugExp|Win32.ActiveCfg = Debug|Any CPU
		{5BEE6906-9652-47B4-B617-368E9598B449}.DebugExp|Win32.Build.0 = Debug|Any CPU
		{5BEE6906-9652-47B4-B617-368E9598B449}.DebugNoData|.NET.ActiveCfg = DebugCommandLine|Any CPU
		{5BEE6906-9652-47B4-B617-368E9598B449}.DebugNoData|Any CPU.ActiveCfg = Debug|Any CPU
		{5BEE6906-9652-47B4-B617-368E9598B449}.DebugNoData|Any CPU.Build.0 = Debug|Any CPU
		{5BEE6906-9652-47B4-B617-368E9598B449}.DebugNoData|Mixed platforms.ActiveCfg = DebugNoData|Any CPU
		{5BEE6906-9652-47B4-B617-368E9598B449}.DebugNoData|Mixed platforms.Build.0 = DebugNoData|Any CPU
		{5BEE6906-9652-47B4-B617-368E9598B449}.DebugNoData|Win32.ActiveCfg = Debug|Any CPU
		{5BEE6906-9652-47B4-B617-368E9598B449}.DebugNoData|Win32.Build.0 = Debug|Any CPU
		{5BEE6906-9652-47B4-B617-368E9598B449}.NoExtendedRuntime|.NET.ActiveCfg = DebugCommandLine|Any CPU
		{5BEE6906-9652-47B4-B617-368E9598B449}.NoExtendedRuntime|Any CPU.ActiveCfg = DebugCommandLine|Any CPU
		{5BEE6906-9652-47B4-B617-368E9598B449}.NoExtendedRuntime|Any CPU.Build.0 = DebugCommandLine|Any CPU
		{5BEE6906-9652-47B4-B617-368E9598B449}.NoExtendedRuntime|Mixed platforms.ActiveCfg = DebugCommandLine|Any CPU
		{5BEE6906-9652-47B4-B617-368E9598B449}.NoExtendedRuntime|Mixed platforms.Build.0 = DebugCommandLine|Any CPU
		{5BEE6906-9652-47B4-B617-368E9598B449}.NoExtendedRuntime|Win32.ActiveCfg = DebugCommandLine|Any CPU
		{5BEE6906-9652-47B4-B617-368E9598B449}.Release|.NET.ActiveCfg = Release|Any CPU
		{5BEE6906-9652-47B4-B617-368E9598B449}.Release|Any CPU.ActiveCfg = Release|Any CPU
		{5BEE6906-9652-47B4-B617-368E9598B449}.Release|Mixed platforms.ActiveCfg = Release|Any CPU
		{5BEE6906-9652-47B4-B617-368E9598B449}.Release|Mixed platforms.Build.0 = Release|Any CPU
		{5BEE6906-9652-47B4-B617-368E9598B449}.Release|Win32.ActiveCfg = Release|Any CPU
		{5BEE6906-9652-47B4-B617-368E9598B449}.Release|Win32.Build.0 = Release|Any CPU
		{5BEE6906-9652-47B4-B617-368E9598B449}.ReleaseCommandLine|.NET.ActiveCfg = Release|Any CPU
		{5BEE6906-9652-47B4-B617-368E9598B449}.ReleaseCommandLine|Any CPU.ActiveCfg = Release|Any CPU
		{5BEE6906-9652-47B4-B617-368E9598B449}.ReleaseCommandLine|Mixed platforms.ActiveCfg = Release|Any CPU
		{5BEE6906-9652-47B4-B617-368E9598B449}.ReleaseCommandLine|Mixed platforms.Build.0 = Release|Any CPU
		{5BEE6906-9652-47B4-B617-368E9598B449}.ReleaseCommandLine|Win32.ActiveCfg = Release|Any CPU
		{5BEE6906-9652-47B4-B617-368E9598B449}.ReleaseCommandLine|Win32.Build.0 = Release|Any CPU
		{D7E16B38-3893-4EEF-847F-A3BE807E9546}.Contracts|.NET.ActiveCfg = DebugNoData|Any CPU
		{D7E16B38-3893-4EEF-847F-A3BE807E9546}.Contracts|Any CPU.ActiveCfg = DebugNoData|Any CPU
		{D7E16B38-3893-4EEF-847F-A3BE807E9546}.Contracts|Any CPU.Build.0 = DebugNoData|Any CPU
		{D7E16B38-3893-4EEF-847F-A3BE807E9546}.Contracts|Mixed platforms.ActiveCfg = DebugNoData|Any CPU
		{D7E16B38-3893-4EEF-847F-A3BE807E9546}.Contracts|Mixed platforms.Build.0 = DebugNoData|Any CPU
		{D7E16B38-3893-4EEF-847F-A3BE807E9546}.Contracts|Win32.ActiveCfg = DebugNoData|Any CPU
		{D7E16B38-3893-4EEF-847F-A3BE807E9546}.Debug|.NET.ActiveCfg = Debug|Any CPU
		{D7E16B38-3893-4EEF-847F-A3BE807E9546}.Debug|Any CPU.ActiveCfg = Debug|Any CPU
		{D7E16B38-3893-4EEF-847F-A3BE807E9546}.Debug|Any CPU.Build.0 = Debug|Any CPU
		{D7E16B38-3893-4EEF-847F-A3BE807E9546}.Debug|Mixed platforms.ActiveCfg = Debug|Any CPU
		{D7E16B38-3893-4EEF-847F-A3BE807E9546}.Debug|Mixed platforms.Build.0 = Debug|Any CPU
		{D7E16B38-3893-4EEF-847F-A3BE807E9546}.Debug|Win32.ActiveCfg = Debug|Any CPU
		{D7E16B38-3893-4EEF-847F-A3BE807E9546}.Debug|Win32.Build.0 = Debug|Any CPU
		{D7E16B38-3893-4EEF-847F-A3BE807E9546}.DebugCommandLine|.NET.ActiveCfg = DebugCommandLine|Any CPU
		{D7E16B38-3893-4EEF-847F-A3BE807E9546}.DebugCommandLine|Any CPU.ActiveCfg = DebugCommandLine|Any CPU
		{D7E16B38-3893-4EEF-847F-A3BE807E9546}.DebugCommandLine|Any CPU.Build.0 = DebugCommandLine|Any CPU
		{D7E16B38-3893-4EEF-847F-A3BE807E9546}.DebugCommandLine|Mixed platforms.ActiveCfg = DebugCommandLine|Any CPU
		{D7E16B38-3893-4EEF-847F-A3BE807E9546}.DebugCommandLine|Mixed platforms.Build.0 = DebugCommandLine|Any CPU
		{D7E16B38-3893-4EEF-847F-A3BE807E9546}.DebugCommandLine|Win32.ActiveCfg = DebugCommandLine|Any CPU
		{D7E16B38-3893-4EEF-847F-A3BE807E9546}.DebugCommandLine|Win32.Build.0 = DebugCommandLine|Any CPU
		{D7E16B38-3893-4EEF-847F-A3BE807E9546}.DebugExp|.NET.ActiveCfg = DebugNoData|Any CPU
		{D7E16B38-3893-4EEF-847F-A3BE807E9546}.DebugExp|Any CPU.ActiveCfg = DebugCommandLine|Any CPU
		{D7E16B38-3893-4EEF-847F-A3BE807E9546}.DebugExp|Mixed platforms.ActiveCfg = Debug|Any CPU
		{D7E16B38-3893-4EEF-847F-A3BE807E9546}.DebugExp|Mixed platforms.Build.0 = Debug|Any CPU
		{D7E16B38-3893-4EEF-847F-A3BE807E9546}.DebugExp|Win32.ActiveCfg = Debug|Any CPU
		{D7E16B38-3893-4EEF-847F-A3BE807E9546}.DebugExp|Win32.Build.0 = Debug|Any CPU
		{D7E16B38-3893-4EEF-847F-A3BE807E9546}.DebugNoData|.NET.ActiveCfg = DebugNoData|Any CPU
		{D7E16B38-3893-4EEF-847F-A3BE807E9546}.DebugNoData|Any CPU.ActiveCfg = Debug|Any CPU
		{D7E16B38-3893-4EEF-847F-A3BE807E9546}.DebugNoData|Any CPU.Build.0 = Debug|Any CPU
		{D7E16B38-3893-4EEF-847F-A3BE807E9546}.DebugNoData|Mixed platforms.ActiveCfg = DebugNoData|Any CPU
		{D7E16B38-3893-4EEF-847F-A3BE807E9546}.DebugNoData|Mixed platforms.Build.0 = DebugNoData|Any CPU
		{D7E16B38-3893-4EEF-847F-A3BE807E9546}.DebugNoData|Win32.ActiveCfg = Debug|Any CPU
		{D7E16B38-3893-4EEF-847F-A3BE807E9546}.DebugNoData|Win32.Build.0 = Debug|Any CPU
		{D7E16B38-3893-4EEF-847F-A3BE807E9546}.NoExtendedRuntime|.NET.ActiveCfg = NoExtendedRuntime|Any CPU
		{D7E16B38-3893-4EEF-847F-A3BE807E9546}.NoExtendedRuntime|Any CPU.ActiveCfg = NoExtendedRuntime|Any CPU
		{D7E16B38-3893-4EEF-847F-A3BE807E9546}.NoExtendedRuntime|Any CPU.Build.0 = NoExtendedRuntime|Any CPU
		{D7E16B38-3893-4EEF-847F-A3BE807E9546}.NoExtendedRuntime|Mixed platforms.ActiveCfg = NoExtendedRuntime|Any CPU
		{D7E16B38-3893-4EEF-847F-A3BE807E9546}.NoExtendedRuntime|Mixed platforms.Build.0 = NoExtendedRuntime|Any CPU
		{D7E16B38-3893-4EEF-847F-A3BE807E9546}.NoExtendedRuntime|Win32.ActiveCfg = NoExtendedRuntime|Any CPU
		{D7E16B38-3893-4EEF-847F-A3BE807E9546}.Release|.NET.ActiveCfg = Release|Any CPU
		{D7E16B38-3893-4EEF-847F-A3BE807E9546}.Release|Any CPU.ActiveCfg = Release|Any CPU
		{D7E16B38-3893-4EEF-847F-A3BE807E9546}.Release|Mixed platforms.ActiveCfg = Release|Any CPU
		{D7E16B38-3893-4EEF-847F-A3BE807E9546}.Release|Mixed platforms.Build.0 = Release|Any CPU
		{D7E16B38-3893-4EEF-847F-A3BE807E9546}.Release|Win32.ActiveCfg = Release|Any CPU
		{D7E16B38-3893-4EEF-847F-A3BE807E9546}.Release|Win32.Build.0 = Release|Any CPU
		{D7E16B38-3893-4EEF-847F-A3BE807E9546}.ReleaseCommandLine|.NET.ActiveCfg = Release|Any CPU
		{D7E16B38-3893-4EEF-847F-A3BE807E9546}.ReleaseCommandLine|Any CPU.ActiveCfg = Release|Any CPU
		{D7E16B38-3893-4EEF-847F-A3BE807E9546}.ReleaseCommandLine|Mixed platforms.ActiveCfg = Release|Any CPU
		{D7E16B38-3893-4EEF-847F-A3BE807E9546}.ReleaseCommandLine|Mixed platforms.Build.0 = Release|Any CPU
		{D7E16B38-3893-4EEF-847F-A3BE807E9546}.ReleaseCommandLine|Win32.ActiveCfg = Release|Any CPU
		{D7E16B38-3893-4EEF-847F-A3BE807E9546}.ReleaseCommandLine|Win32.Build.0 = Release|Any CPU
		{01298982-80B4-44B2-AD1D-05BC9FE4F990}.Contracts|.NET.ActiveCfg = DebugCommandLine|Any CPU
		{01298982-80B4-44B2-AD1D-05BC9FE4F990}.Contracts|Any CPU.ActiveCfg = DebugCommandLine|Any CPU
		{01298982-80B4-44B2-AD1D-05BC9FE4F990}.Contracts|Any CPU.Build.0 = DebugCommandLine|Any CPU
		{01298982-80B4-44B2-AD1D-05BC9FE4F990}.Contracts|Mixed platforms.ActiveCfg = DebugCommandLine|Any CPU
		{01298982-80B4-44B2-AD1D-05BC9FE4F990}.Contracts|Mixed platforms.Build.0 = DebugCommandLine|Any CPU
		{01298982-80B4-44B2-AD1D-05BC9FE4F990}.Contracts|Win32.ActiveCfg = DebugCommandLine|Any CPU
		{01298982-80B4-44B2-AD1D-05BC9FE4F990}.Debug|.NET.ActiveCfg = Debug|Any CPU
		{01298982-80B4-44B2-AD1D-05BC9FE4F990}.Debug|Any CPU.ActiveCfg = Debug|Any CPU
		{01298982-80B4-44B2-AD1D-05BC9FE4F990}.Debug|Any CPU.Build.0 = Debug|Any CPU
		{01298982-80B4-44B2-AD1D-05BC9FE4F990}.Debug|Mixed platforms.ActiveCfg = Debug|Any CPU
		{01298982-80B4-44B2-AD1D-05BC9FE4F990}.Debug|Mixed platforms.Build.0 = Debug|Any CPU
		{01298982-80B4-44B2-AD1D-05BC9FE4F990}.Debug|Win32.ActiveCfg = Debug|Any CPU
		{01298982-80B4-44B2-AD1D-05BC9FE4F990}.Debug|Win32.Build.0 = Debug|Any CPU
		{01298982-80B4-44B2-AD1D-05BC9FE4F990}.DebugCommandLine|.NET.ActiveCfg = DebugCommandLine|Any CPU
		{01298982-80B4-44B2-AD1D-05BC9FE4F990}.DebugCommandLine|Any CPU.ActiveCfg = DebugCommandLine|Any CPU
		{01298982-80B4-44B2-AD1D-05BC9FE4F990}.DebugCommandLine|Any CPU.Build.0 = DebugCommandLine|Any CPU
		{01298982-80B4-44B2-AD1D-05BC9FE4F990}.DebugCommandLine|Mixed platforms.ActiveCfg = DebugCommandLine|Any CPU
		{01298982-80B4-44B2-AD1D-05BC9FE4F990}.DebugCommandLine|Mixed platforms.Build.0 = DebugCommandLine|Any CPU
		{01298982-80B4-44B2-AD1D-05BC9FE4F990}.DebugCommandLine|Win32.ActiveCfg = DebugCommandLine|Any CPU
		{01298982-80B4-44B2-AD1D-05BC9FE4F990}.DebugCommandLine|Win32.Build.0 = DebugCommandLine|Any CPU
		{01298982-80B4-44B2-AD1D-05BC9FE4F990}.DebugExp|.NET.ActiveCfg = DebugCommandLine|Any CPU
		{01298982-80B4-44B2-AD1D-05BC9FE4F990}.DebugExp|Any CPU.ActiveCfg = DebugCommandLine|Any CPU
		{01298982-80B4-44B2-AD1D-05BC9FE4F990}.DebugExp|Mixed platforms.ActiveCfg = Debug|Any CPU
		{01298982-80B4-44B2-AD1D-05BC9FE4F990}.DebugExp|Mixed platforms.Build.0 = Debug|Any CPU
		{01298982-80B4-44B2-AD1D-05BC9FE4F990}.DebugExp|Win32.ActiveCfg = Debug|Any CPU
		{01298982-80B4-44B2-AD1D-05BC9FE4F990}.DebugExp|Win32.Build.0 = Debug|Any CPU
		{01298982-80B4-44B2-AD1D-05BC9FE4F990}.DebugNoData|.NET.ActiveCfg = DebugCommandLine|Any CPU
		{01298982-80B4-44B2-AD1D-05BC9FE4F990}.DebugNoData|Any CPU.ActiveCfg = Debug|Any CPU
		{01298982-80B4-44B2-AD1D-05BC9FE4F990}.DebugNoData|Any CPU.Build.0 = Debug|Any CPU
		{01298982-80B4-44B2-AD1D-05BC9FE4F990}.DebugNoData|Mixed platforms.ActiveCfg = Debug|Any CPU
		{01298982-80B4-44B2-AD1D-05BC9FE4F990}.DebugNoData|Mixed platforms.Build.0 = Debug|Any CPU
		{01298982-80B4-44B2-AD1D-05BC9FE4F990}.DebugNoData|Win32.ActiveCfg = Debug|Any CPU
		{01298982-80B4-44B2-AD1D-05BC9FE4F990}.DebugNoData|Win32.Build.0 = Debug|Any CPU
		{01298982-80B4-44B2-AD1D-05BC9FE4F990}.NoExtendedRuntime|.NET.ActiveCfg = DebugCommandLine|Any CPU
		{01298982-80B4-44B2-AD1D-05BC9FE4F990}.NoExtendedRuntime|Any CPU.ActiveCfg = DebugCommandLine|Any CPU
		{01298982-80B4-44B2-AD1D-05BC9FE4F990}.NoExtendedRuntime|Any CPU.Build.0 = DebugCommandLine|Any CPU
		{01298982-80B4-44B2-AD1D-05BC9FE4F990}.NoExtendedRuntime|Mixed platforms.ActiveCfg = DebugCommandLine|Any CPU
		{01298982-80B4-44B2-AD1D-05BC9FE4F990}.NoExtendedRuntime|Mixed platforms.Build.0 = DebugCommandLine|Any CPU
		{01298982-80B4-44B2-AD1D-05BC9FE4F990}.NoExtendedRuntime|Win32.ActiveCfg = DebugCommandLine|Any CPU
		{01298982-80B4-44B2-AD1D-05BC9FE4F990}.Release|.NET.ActiveCfg = Release|Any CPU
		{01298982-80B4-44B2-AD1D-05BC9FE4F990}.Release|Any CPU.ActiveCfg = Release|Any CPU
		{01298982-80B4-44B2-AD1D-05BC9FE4F990}.Release|Mixed platforms.ActiveCfg = Release|Any CPU
		{01298982-80B4-44B2-AD1D-05BC9FE4F990}.Release|Mixed platforms.Build.0 = Release|Any CPU
		{01298982-80B4-44B2-AD1D-05BC9FE4F990}.Release|Win32.ActiveCfg = Release|Any CPU
		{01298982-80B4-44B2-AD1D-05BC9FE4F990}.Release|Win32.Build.0 = Release|Any CPU
		{01298982-80B4-44B2-AD1D-05BC9FE4F990}.ReleaseCommandLine|.NET.ActiveCfg = Release|Any CPU
		{01298982-80B4-44B2-AD1D-05BC9FE4F990}.ReleaseCommandLine|Any CPU.ActiveCfg = Release|Any CPU
		{01298982-80B4-44B2-AD1D-05BC9FE4F990}.ReleaseCommandLine|Mixed platforms.ActiveCfg = Release|Any CPU
		{01298982-80B4-44B2-AD1D-05BC9FE4F990}.ReleaseCommandLine|Mixed platforms.Build.0 = Release|Any CPU
		{01298982-80B4-44B2-AD1D-05BC9FE4F990}.ReleaseCommandLine|Win32.ActiveCfg = Release|Any CPU
		{01298982-80B4-44B2-AD1D-05BC9FE4F990}.ReleaseCommandLine|Win32.Build.0 = Release|Any CPU
		{0B747571-5739-4A09-B368-2FF47C01A698}.Contracts|.NET.ActiveCfg = ReleaseCommandLine|Any CPU
		{0B747571-5739-4A09-B368-2FF47C01A698}.Contracts|Any CPU.ActiveCfg = ReleaseCommandLine|Any CPU
		{0B747571-5739-4A09-B368-2FF47C01A698}.Contracts|Any CPU.Build.0 = ReleaseCommandLine|Any CPU
		{0B747571-5739-4A09-B368-2FF47C01A698}.Contracts|Mixed platforms.ActiveCfg = ReleaseCommandLine|Any CPU
		{0B747571-5739-4A09-B368-2FF47C01A698}.Contracts|Mixed platforms.Build.0 = ReleaseCommandLine|Any CPU
		{0B747571-5739-4A09-B368-2FF47C01A698}.Contracts|Win32.ActiveCfg = ReleaseCommandLine|Any CPU
		{0B747571-5739-4A09-B368-2FF47C01A698}.Debug|.NET.ActiveCfg = Debug|Any CPU
		{0B747571-5739-4A09-B368-2FF47C01A698}.Debug|Any CPU.ActiveCfg = Debug|Any CPU
		{0B747571-5739-4A09-B368-2FF47C01A698}.Debug|Any CPU.Build.0 = Debug|Any CPU
		{0B747571-5739-4A09-B368-2FF47C01A698}.Debug|Mixed platforms.ActiveCfg = Debug|Any CPU
		{0B747571-5739-4A09-B368-2FF47C01A698}.Debug|Mixed platforms.Build.0 = Debug|Any CPU
		{0B747571-5739-4A09-B368-2FF47C01A698}.Debug|Win32.ActiveCfg = Debug|Any CPU
		{0B747571-5739-4A09-B368-2FF47C01A698}.DebugCommandLine|.NET.ActiveCfg = DebugCommandLine|Any CPU
		{0B747571-5739-4A09-B368-2FF47C01A698}.DebugCommandLine|Any CPU.ActiveCfg = DebugCommandLine|Any CPU
		{0B747571-5739-4A09-B368-2FF47C01A698}.DebugCommandLine|Any CPU.Build.0 = DebugCommandLine|Any CPU
		{0B747571-5739-4A09-B368-2FF47C01A698}.DebugCommandLine|Mixed platforms.ActiveCfg = DebugCommandLine|Any CPU
		{0B747571-5739-4A09-B368-2FF47C01A698}.DebugCommandLine|Mixed platforms.Build.0 = DebugCommandLine|Any CPU
		{0B747571-5739-4A09-B368-2FF47C01A698}.DebugCommandLine|Win32.ActiveCfg = DebugCommandLine|Any CPU
		{0B747571-5739-4A09-B368-2FF47C01A698}.DebugExp|.NET.ActiveCfg = DebugExp|Any CPU
		{0B747571-5739-4A09-B368-2FF47C01A698}.DebugExp|Any CPU.ActiveCfg = DebugExp|Any CPU
		{0B747571-5739-4A09-B368-2FF47C01A698}.DebugExp|Any CPU.Build.0 = DebugExp|Any CPU
		{0B747571-5739-4A09-B368-2FF47C01A698}.DebugExp|Mixed platforms.ActiveCfg = DebugExp|Any CPU
		{0B747571-5739-4A09-B368-2FF47C01A698}.DebugExp|Mixed platforms.Build.0 = DebugExp|Any CPU
		{0B747571-5739-4A09-B368-2FF47C01A698}.DebugExp|Win32.ActiveCfg = DebugExp|Any CPU
		{0B747571-5739-4A09-B368-2FF47C01A698}.DebugNoData|.NET.ActiveCfg = DebugExp|Any CPU
		{0B747571-5739-4A09-B368-2FF47C01A698}.DebugNoData|Any CPU.ActiveCfg = Debug|Any CPU
		{0B747571-5739-4A09-B368-2FF47C01A698}.DebugNoData|Any CPU.Build.0 = Debug|Any CPU
		{0B747571-5739-4A09-B368-2FF47C01A698}.DebugNoData|Mixed platforms.ActiveCfg = DebugExp|Any CPU
		{0B747571-5739-4A09-B368-2FF47C01A698}.DebugNoData|Mixed platforms.Build.0 = DebugExp|Any CPU
		{0B747571-5739-4A09-B368-2FF47C01A698}.DebugNoData|Win32.ActiveCfg = Debug|Any CPU
		{0B747571-5739-4A09-B368-2FF47C01A698}.NoExtendedRuntime|.NET.ActiveCfg = ReleaseCommandLine|Any CPU
		{0B747571-5739-4A09-B368-2FF47C01A698}.NoExtendedRuntime|Any CPU.ActiveCfg = ReleaseCommandLine|Any CPU
		{0B747571-5739-4A09-B368-2FF47C01A698}.NoExtendedRuntime|Any CPU.Build.0 = ReleaseCommandLine|Any CPU
		{0B747571-5739-4A09-B368-2FF47C01A698}.NoExtendedRuntime|Mixed platforms.ActiveCfg = ReleaseCommandLine|Any CPU
		{0B747571-5739-4A09-B368-2FF47C01A698}.NoExtendedRuntime|Mixed platforms.Build.0 = ReleaseCommandLine|Any CPU
		{0B747571-5739-4A09-B368-2FF47C01A698}.NoExtendedRuntime|Win32.ActiveCfg = ReleaseCommandLine|Any CPU
		{0B747571-5739-4A09-B368-2FF47C01A698}.Release|.NET.ActiveCfg = Release|Any CPU
		{0B747571-5739-4A09-B368-2FF47C01A698}.Release|Any CPU.ActiveCfg = Release|Any CPU
		{0B747571-5739-4A09-B368-2FF47C01A698}.Release|Any CPU.Build.0 = Release|Any CPU
		{0B747571-5739-4A09-B368-2FF47C01A698}.Release|Mixed platforms.ActiveCfg = Release|Any CPU
		{0B747571-5739-4A09-B368-2FF47C01A698}.Release|Mixed platforms.Build.0 = Release|Any CPU
		{0B747571-5739-4A09-B368-2FF47C01A698}.Release|Win32.ActiveCfg = Release|Any CPU
		{0B747571-5739-4A09-B368-2FF47C01A698}.ReleaseCommandLine|.NET.ActiveCfg = ReleaseCommandLine|Any CPU
		{0B747571-5739-4A09-B368-2FF47C01A698}.ReleaseCommandLine|Any CPU.ActiveCfg = ReleaseCommandLine|Any CPU
		{0B747571-5739-4A09-B368-2FF47C01A698}.ReleaseCommandLine|Any CPU.Build.0 = ReleaseCommandLine|Any CPU
		{0B747571-5739-4A09-B368-2FF47C01A698}.ReleaseCommandLine|Mixed platforms.ActiveCfg = ReleaseCommandLine|Any CPU
		{0B747571-5739-4A09-B368-2FF47C01A698}.ReleaseCommandLine|Mixed platforms.Build.0 = ReleaseCommandLine|Any CPU
		{0B747571-5739-4A09-B368-2FF47C01A698}.ReleaseCommandLine|Win32.ActiveCfg = ReleaseCommandLine|Any CPU
		{4FCB471B-EF8B-4C6A-8BD4-D01E9942EEA0}.Contracts|.NET.ActiveCfg = DebugCommandLine|Any CPU
		{4FCB471B-EF8B-4C6A-8BD4-D01E9942EEA0}.Contracts|Any CPU.ActiveCfg = DebugCommandLine|Any CPU
		{4FCB471B-EF8B-4C6A-8BD4-D01E9942EEA0}.Contracts|Any CPU.Build.0 = DebugCommandLine|Any CPU
		{4FCB471B-EF8B-4C6A-8BD4-D01E9942EEA0}.Contracts|Mixed platforms.ActiveCfg = DebugCommandLine|Any CPU
		{4FCB471B-EF8B-4C6A-8BD4-D01E9942EEA0}.Contracts|Mixed platforms.Build.0 = DebugCommandLine|Any CPU
		{4FCB471B-EF8B-4C6A-8BD4-D01E9942EEA0}.Contracts|Win32.ActiveCfg = DebugCommandLine|Any CPU
		{4FCB471B-EF8B-4C6A-8BD4-D01E9942EEA0}.Debug|.NET.ActiveCfg = Debug|Any CPU
		{4FCB471B-EF8B-4C6A-8BD4-D01E9942EEA0}.Debug|Any CPU.ActiveCfg = Debug|Any CPU
		{4FCB471B-EF8B-4C6A-8BD4-D01E9942EEA0}.Debug|Any CPU.Build.0 = Debug|Any CPU
		{4FCB471B-EF8B-4C6A-8BD4-D01E9942EEA0}.Debug|Mixed platforms.ActiveCfg = Debug|Any CPU
		{4FCB471B-EF8B-4C6A-8BD4-D01E9942EEA0}.Debug|Mixed platforms.Build.0 = Debug|Any CPU
		{4FCB471B-EF8B-4C6A-8BD4-D01E9942EEA0}.Debug|Win32.ActiveCfg = Debug|Any CPU
		{4FCB471B-EF8B-4C6A-8BD4-D01E9942EEA0}.DebugCommandLine|.NET.ActiveCfg = DebugCommandLine|Any CPU
		{4FCB471B-EF8B-4C6A-8BD4-D01E9942EEA0}.DebugCommandLine|Any CPU.ActiveCfg = DebugCommandLine|Any CPU
		{4FCB471B-EF8B-4C6A-8BD4-D01E9942EEA0}.DebugCommandLine|Any CPU.Build.0 = DebugCommandLine|Any CPU
		{4FCB471B-EF8B-4C6A-8BD4-D01E9942EEA0}.DebugCommandLine|Mixed platforms.ActiveCfg = DebugCommandLine|Any CPU
		{4FCB471B-EF8B-4C6A-8BD4-D01E9942EEA0}.DebugCommandLine|Mixed platforms.Build.0 = DebugCommandLine|Any CPU
		{4FCB471B-EF8B-4C6A-8BD4-D01E9942EEA0}.DebugCommandLine|Win32.ActiveCfg = DebugCommandLine|Any CPU
		{4FCB471B-EF8B-4C6A-8BD4-D01E9942EEA0}.DebugExp|.NET.ActiveCfg = DebugCommandLine|Any CPU
		{4FCB471B-EF8B-4C6A-8BD4-D01E9942EEA0}.DebugExp|Any CPU.ActiveCfg = DebugCommandLine|Any CPU
		{4FCB471B-EF8B-4C6A-8BD4-D01E9942EEA0}.DebugExp|Any CPU.Build.0 = DebugCommandLine|Any CPU
		{4FCB471B-EF8B-4C6A-8BD4-D01E9942EEA0}.DebugExp|Mixed platforms.ActiveCfg = DebugCommandLine|Any CPU
		{4FCB471B-EF8B-4C6A-8BD4-D01E9942EEA0}.DebugExp|Mixed platforms.Build.0 = DebugCommandLine|Any CPU
		{4FCB471B-EF8B-4C6A-8BD4-D01E9942EEA0}.DebugExp|Win32.ActiveCfg = DebugCommandLine|Any CPU
		{4FCB471B-EF8B-4C6A-8BD4-D01E9942EEA0}.DebugNoData|.NET.ActiveCfg = DebugCommandLine|Any CPU
		{4FCB471B-EF8B-4C6A-8BD4-D01E9942EEA0}.DebugNoData|Any CPU.ActiveCfg = DebugCommandLine|Any CPU
		{4FCB471B-EF8B-4C6A-8BD4-D01E9942EEA0}.DebugNoData|Any CPU.Build.0 = DebugCommandLine|Any CPU
		{4FCB471B-EF8B-4C6A-8BD4-D01E9942EEA0}.DebugNoData|Mixed platforms.ActiveCfg = DebugCommandLine|Any CPU
		{4FCB471B-EF8B-4C6A-8BD4-D01E9942EEA0}.DebugNoData|Mixed platforms.Build.0 = DebugCommandLine|Any CPU
		{4FCB471B-EF8B-4C6A-8BD4-D01E9942EEA0}.DebugNoData|Win32.ActiveCfg = DebugCommandLine|Any CPU
		{4FCB471B-EF8B-4C6A-8BD4-D01E9942EEA0}.NoExtendedRuntime|.NET.ActiveCfg = DebugCommandLine|Any CPU
		{4FCB471B-EF8B-4C6A-8BD4-D01E9942EEA0}.NoExtendedRuntime|Any CPU.ActiveCfg = DebugCommandLine|Any CPU
		{4FCB471B-EF8B-4C6A-8BD4-D01E9942EEA0}.NoExtendedRuntime|Any CPU.Build.0 = DebugCommandLine|Any CPU
		{4FCB471B-EF8B-4C6A-8BD4-D01E9942EEA0}.NoExtendedRuntime|Mixed platforms.ActiveCfg = DebugCommandLine|Any CPU
		{4FCB471B-EF8B-4C6A-8BD4-D01E9942EEA0}.NoExtendedRuntime|Mixed platforms.Build.0 = DebugCommandLine|Any CPU
		{4FCB471B-EF8B-4C6A-8BD4-D01E9942EEA0}.NoExtendedRuntime|Win32.ActiveCfg = DebugCommandLine|Any CPU
		{4FCB471B-EF8B-4C6A-8BD4-D01E9942EEA0}.Release|.NET.ActiveCfg = Release|Any CPU
		{4FCB471B-EF8B-4C6A-8BD4-D01E9942EEA0}.Release|Any CPU.ActiveCfg = Release|Any CPU
		{4FCB471B-EF8B-4C6A-8BD4-D01E9942EEA0}.Release|Any CPU.Build.0 = Release|Any CPU
		{4FCB471B-EF8B-4C6A-8BD4-D01E9942EEA0}.Release|Mixed platforms.ActiveCfg = Release|Any CPU
		{4FCB471B-EF8B-4C6A-8BD4-D01E9942EEA0}.Release|Mixed platforms.Build.0 = Release|Any CPU
		{4FCB471B-EF8B-4C6A-8BD4-D01E9942EEA0}.Release|Win32.ActiveCfg = Release|Any CPU
		{4FCB471B-EF8B-4C6A-8BD4-D01E9942EEA0}.ReleaseCommandLine|.NET.ActiveCfg = Release|Any CPU
		{4FCB471B-EF8B-4C6A-8BD4-D01E9942EEA0}.ReleaseCommandLine|Any CPU.ActiveCfg = Release|Any CPU
		{4FCB471B-EF8B-4C6A-8BD4-D01E9942EEA0}.ReleaseCommandLine|Any CPU.Build.0 = Release|Any CPU
		{4FCB471B-EF8B-4C6A-8BD4-D01E9942EEA0}.ReleaseCommandLine|Mixed platforms.ActiveCfg = Release|Any CPU
		{4FCB471B-EF8B-4C6A-8BD4-D01E9942EEA0}.ReleaseCommandLine|Mixed platforms.Build.0 = Release|Any CPU
		{4FCB471B-EF8B-4C6A-8BD4-D01E9942EEA0}.ReleaseCommandLine|Win32.ActiveCfg = Release|Any CPU
	EndGlobalSection
	GlobalSection(SolutionProperties) = preSolution
		HideSolutionNode = FALSE
	EndGlobalSection
	GlobalSection(NestedProjects) = preSolution
		{5D3B8B5B-703E-4843-ABF3-A864F5B6ADA3} = {D39D4BAC-7BCA-4A31-A649-8ED964A5CCE0}
		{5BEE6906-9652-47B4-B617-368E9598B449} = {D39D4BAC-7BCA-4A31-A649-8ED964A5CCE0}
		{D7E16B38-3893-4EEF-847F-A3BE807E9546} = {D39D4BAC-7BCA-4A31-A649-8ED964A5CCE0}
		{01298982-80B4-44B2-AD1D-05BC9FE4F990} = {D9479818-8943-4FCA-B825-8B6C473B33C5}
		{0B747571-5739-4A09-B368-2FF47C01A698} = {D9479818-8943-4FCA-B825-8B6C473B33C5}
		{4FCB471B-EF8B-4C6A-8BD4-D01E9942EEA0} = {D9479818-8943-4FCA-B825-8B6C473B33C5}
	EndGlobalSection
	GlobalSection(ExtensibilityGlobals) = postSolution
		SolutionGuid = {21EB0598-E0CE-4446-8C15-A9961EC6070F}
	EndGlobalSection
EndGlobal
